
Microsoft Visual Studio Solution File, Format Version 12.00
# Visual Studio Version 17
VisualStudioVersion = 17.2.32526.322
MinimumVisualStudioVersion = 10.0.40219.1
Project("{2150E333-8FDC-42A3-9474-1A3956D46DE8}") = "Services", "Services", "{8E1AA86D-6057-4F19-882F-4EDAD1AE0ABF}"
EndProject
Project("{2150E333-8FDC-42A3-9474-1A3956D46DE8}") = "catalog", "catalog", "{815E2F9B-3918-4336-A3BE-5AFDDD369CA0}"
EndProject
Project("{FAE04EC0-301F-11D3-BF4B-00C04F79EFBC}") = "Catalog.API", "Services\catalog\Catalog.API\Catalog.API.csproj", "{D2AE2C00-D9C4-4196-B776-9F6A23E76252}"
EndProject
Global
	GlobalSection(SolutionConfigurationPlatforms) = preSolution
		Debug|Any CPU = Debug|Any CPU
		Release|Any CPU = Release|Any CPU
	EndGlobalSection
	GlobalSection(ProjectConfigurationPlatforms) = postSolution
		{D2AE2C00-D9C4-4196-B776-9F6A23E76252}.Debug|Any CPU.ActiveCfg = Debug|Any CPU
		{D2AE2C00-D9C4-4196-B776-9F6A23E76252}.Debug|Any CPU.Build.0 = Debug|Any CPU
		{D2AE2C00-D9C4-4196-B776-9F6A23E76252}.Release|Any CPU.ActiveCfg = Release|Any CPU
		{D2AE2C00-D9C4-4196-B776-9F6A23E76252}.Release|Any CPU.Build.0 = Release|Any CPU
	EndGlobalSection
	GlobalSection(SolutionProperties) = preSolution
		HideSolutionNode = FALSE
	EndGlobalSection
	GlobalSection(NestedProjects) = preSolution
		{815E2F9B-3918-4336-A3BE-5AFDDD369CA0} = {8E1AA86D-6057-4F19-882F-4EDAD1AE0ABF}
		{D2AE2C00-D9C4-4196-B776-9F6A23E76252} = {815E2F9B-3918-4336-A3BE-5AFDDD369CA0}
	EndGlobalSection
	GlobalSection(ExtensibilityGlobals) = postSolution
		SolutionGuid = {1DEA701F-0D19-471E-8AC5-52F2948F87E2}
	EndGlobalSection
EndGlobal
